Microsoft Visual Studio Solution File, Format Version 11.00
# Visual Studio 2008

Project("{ABC63490-C815-AF81-276F-930216C8D92B}") = "Village", "Assembly-CSharp.csproj", "{5A5E0687-DB93-8746-1D34-A2248C95F56D}"
EndProject
Project("{ABC63490-C815-AF81-276F-930216C8D92B}") = "Village", "Assembly-CSharp-Editor.csproj", "{7454E852-A414-C8DF-3446-E181252CC433}"
EndProject
Project("{ABC63490-C815-AF81-276F-930216C8D92B}") = "Village", "Assembly-UnityScript.unityproj", "{45CE9875-AA23-23E7-94EF-9045E65AD680}"
EndProject
Global
	GlobalSection(SolutionConfigurationPlatforms) = preSolution
		Debug|Any CPU = Debug|Any CPU
		Release|Any CPU = Release|Any CPU
	EndGlobalSection
	GlobalSection(ProjectConfigurationPlatforms) = postSolution
		{5A5E0687-DB93-8746-1D34-A2248C95F56D}.Debug|Any CPU.ActiveCfg = Debug|Any CPU
		{5A5E0687-DB93-8746-1D34-A2248C95F56D}.Debug|Any CPU.Build.0 = Debug|Any CPU
		{5A5E0687-DB93-8746-1D34-A2248C95F56D}.Release|Any CPU.ActiveCfg = Release|Any CPU
		{5A5E0687-DB93-8746-1D34-A2248C95F56D}.Release|Any CPU.Build.0 = Release|Any CPU
		{7454E852-A414-C8DF-3446-E181252CC433}.Debug|Any CPU.ActiveCfg = Debug|Any CPU
		{7454E852-A414-C8DF-3446-E181252CC433}.Debug|Any CPU.Build.0 = Debug|Any CPU
		{7454E852-A414-C8DF-3446-E181252CC433}.Release|Any CPU.ActiveCfg = Release|Any CPU
		{7454E852-A414-C8DF-3446-E181252CC433}.Release|Any CPU.Build.0 = Release|Any CPU
		{45CE9875-AA23-23E7-94EF-9045E65AD680}.Debug|Any CPU.ActiveCfg = Debug|Any CPU
		{45CE9875-AA23-23E7-94EF-9045E65AD680}.Debug|Any CPU.Build.0 = Debug|Any CPU
		{45CE9875-AA23-23E7-94EF-9045E65AD680}.Release|Any CPU.ActiveCfg = Release|Any CPU
		{45CE9875-AA23-23E7-94EF-9045E65AD680}.Release|Any CPU.Build.0 = Release|Any CPU
	EndGlobalSection
	GlobalSection(SolutionProperties) = preSolution
		HideSolutionNode = FALSE
	EndGlobalSection
																																																																																																																																																																																																																																																																																																																																																																																																												GlobalSection(MonoDevelopProperties) = preSolution
		StartupItem = Assembly-CSharp.csproj
		Policies = $0
		$0.TextStylePolicy = $1
		$1.inheritsSet = null
		$1.scope = text/x-csharp
		$0.CSharpFormattingPolicy = $2
		$2.inheritsSet = Mono
		$2.inheritsScope = text/x-csharp
		$2.scope = text/x-csharp
		$0.TextStylePolicy = $3
		$3.FileWidth = 120
		$3.TabWidth = 4
		$3.EolMarker = Unix
		$3.inheritsSet = Mono
		$3.inheritsScope = text/plain
		$3.scope = text/plain
	EndGlobalSection

EndGlobal
